
Microsoft Visual Studio Solution File, Format Version 12.00
# Visual Studio Version 16
VisualStudioVersion = 16.0.30011.22
MinimumVisualStudioVersion = 10.0.40219.1
Project("{FAE04EC0-301F-11D3-BF4B-00C04F79EFBC}") = "StockPredictor", "StockPredictor.csproj", "{CE0F1EC0-A3DA-4A1B-8685-318D74CF570E}"
EndProject
Project("{9A19103F-16F7-4668-BE54-9A1E7A4F7556}") = "StockPredictorML.Model", "..\StockPredictorML.Model\StockPredictorML.Model.csproj", "{51CD7A42-E6C0-485A-B0B4-6B8BB46E25C3}"
EndProject
Project("{9A19103F-16F7-4668-BE54-9A1E7A4F7556}") = "StockPredictorML.ConsoleApp", "..\StockPredictorML.ConsoleApp\StockPredictorML.ConsoleApp.csproj", "{4185E13F-B8B7-4144-ABFF-95F03ABE34C4}"
EndProject
Global
	GlobalSection(SolutionConfigurationPlatforms) = preSolution
		Debug|Any CPU = Debug|Any CPU
		Release|Any CPU = Release|Any CPU
	EndGlobalSection
	GlobalSection(ProjectConfigurationPlatforms) = postSolution
		{CE0F1EC0-A3DA-4A1B-8685-318D74CF570E}.Debug|Any CPU.ActiveCfg = Debug|Any CPU
		{CE0F1EC0-A3DA-4A1B-8685-318D74CF570E}.Debug|Any CPU.Build.0 = Debug|Any CPU
		{CE0F1EC0-A3DA-4A1B-8685-318D74CF570E}.Release|Any CPU.ActiveCfg = Release|Any CPU
		{CE0F1EC0-A3DA-4A1B-8685-318D74CF570E}.Release|Any CPU.Build.0 = Release|Any CPU
		{51CD7A42-E6C0-485A-B0B4-6B8BB46E25C3}.Debug|Any CPU.ActiveCfg = Debug|Any CPU
		{51CD7A42-E6C0-485A-B0B4-6B8BB46E25C3}.Debug|Any CPU.Build.0 = Debug|Any CPU
		{51CD7A42-E6C0-485A-B0B4-6B8BB46E25C3}.Release|Any CPU.ActiveCfg = Release|Any CPU
		{51CD7A42-E6C0-485A-B0B4-6B8BB46E25C3}.Release|Any CPU.Build.0 = Release|Any CPU
		{4185E13F-B8B7-4144-ABFF-95F03ABE34C4}.Debug|Any CPU.ActiveCfg = Debug|Any CPU
		{4185E13F-B8B7-4144-ABFF-95F03ABE34C4}.Debug|Any CPU.Build.0 = Debug|Any CPU
		{4185E13F-B8B7-4144-ABFF-95F03ABE34C4}.Release|Any CPU.ActiveCfg = Release|Any CPU
		{4185E13F-B8B7-4144-ABFF-95F03ABE34C4}.Release|Any CPU.Build.0 = Release|Any CPU
	EndGlobalSection
	GlobalSection(SolutionProperties) = preSolution
		HideSolutionNode = FALSE
	EndGlobalSection
	GlobalSection(ExtensibilityGlobals) = postSolution
		SolutionGuid = {584D632A-A411-442D-8D54-C48F5148C5BE}
	EndGlobalSection
EndGlobal
